// !$*UTF8*$!
{
	archiveVersion = 1;
	classes = {
	};
	objectVersion = 55;
	objects = {

/* Begin PBXBuildFile section */
		960092792A5A2DE500BCBAD0 /* LocationSearchMiddleware.swift in Sources */ = {isa = PBXBuildFile; fileRef = 960092782A5A2DE500BCBAD0 /* LocationSearchMiddleware.swift */; };
		960B6EA12A93FC08009BB545 /* PrivacyPolicyView.swift in Sources */ = {isa = PBXBuildFile; fileRef = 960B6EA02A93FC08009BB545 /* PrivacyPolicyView.swift */; };
		961202632A156B03009423D5 /* SoundingState.swift in Sources */ = {isa = PBXBuildFile; fileRef = 961202622A156B03009423D5 /* SoundingState.swift */; };
		961202652A156B39009423D5 /* PlotOptions.swift in Sources */ = {isa = PBXBuildFile; fileRef = 961202642A156B39009423D5 /* PlotOptions.swift */; };
		961202672A157A52009423D5 /* RucApiMiddleware.swift in Sources */ = {isa = PBXBuildFile; fileRef = 961202662A157A52009423D5 /* RucApiMiddleware.swift */; };
		9629E30529BBB07100C2904E /* Thermodynamics.swift in Sources */ = {isa = PBXBuildFile; fileRef = 9629E30429BBB07100C2904E /* Thermodynamics.swift */; };
		9629E30929BBC3A300C2904E /* ThermodynamicsTests.swift in Sources */ = {isa = PBXBuildFile; fileRef = 9629E30829BBC3A300C2904E /* ThermodynamicsTests.swift */; };
		962B3C6029A43ECE000FDC8D /* san-op40-1.txt in Resources */ = {isa = PBXBuildFile; fileRef = 962B3C5E29A43ECE000FDC8D /* san-op40-1.txt */; };
		962B3C6129A43ECE000FDC8D /* san-op40-4.txt in Resources */ = {isa = PBXBuildFile; fileRef = 962B3C5F29A43ECE000FDC8D /* san-op40-4.txt */; };
		963CF0F02A1C5B87002116A0 /* PreviewStore.swift in Sources */ = {isa = PBXBuildFile; fileRef = 963CF0EF2A1C5B87002116A0 /* PreviewStore.swift */; };
		96590BA22A1D6562001143DB /* HourlyTimeSelectView.swift in Sources */ = {isa = PBXBuildFile; fileRef = 96590BA12A1D6562001143DB /* HourlyTimeSelectView.swift */; };
		965D66502A528F420015FB4B /* SoundingSelectionRow.swift in Sources */ = {isa = PBXBuildFile; fileRef = 965D664F2A528F420015FB4B /* SoundingSelectionRow.swift */; };
		965D66542A5292D30015FB4B /* RecentSelectionsView.swift in Sources */ = {isa = PBXBuildFile; fileRef = 965D66532A5292D30015FB4B /* RecentSelectionsView.swift */; };
		965D66562A5293A50015FB4B /* ForecastSelectionView.swift in Sources */ = {isa = PBXBuildFile; fileRef = 965D66552A5293A50015FB4B /* ForecastSelectionView.swift */; };
		965D66592A52A09A0015FB4B /* RelativeLocations.swift in Sources */ = {isa = PBXBuildFile; fileRef = 965D66582A52A09A0015FB4B /* RelativeLocations.swift */; };
		965D665B2A52A1E40015FB4B /* RelativeLocationTests.swift in Sources */ = {isa = PBXBuildFile; fileRef = 965D665A2A52A1E40015FB4B /* RelativeLocationTests.swift */; };
		9675D33F2A71B4BC00CA1435 /* SoundingTimeSelectView.swift in Sources */ = {isa = PBXBuildFile; fileRef = 9675D33E2A71B4BC00CA1435 /* SoundingTimeSelectView.swift */; };
		967E24252A366064009262D9 /* SoundingLocationList.swift in Sources */ = {isa = PBXBuildFile; fileRef = 967E24242A366064009262D9 /* SoundingLocationList.swift */; };
		967E24272A3660F2009262D9 /* raob.short in Resources */ = {isa = PBXBuildFile; fileRef = 967E24262A3660F2009262D9 /* raob.short */; };
		967E24292A366110009262D9 /* SoundingLocationListTests.swift in Sources */ = {isa = PBXBuildFile; fileRef = 967E24282A366110009262D9 /* SoundingLocationListTests.swift */; };
		967E242B2A3670F6009262D9 /* latest_pbraob.txt in Resources */ = {isa = PBXBuildFile; fileRef = 967E242A2A3670F6009262D9 /* latest_pbraob.txt */; };
		967E2D052A3D7CAF0074CE1F /* UserDefaultsMiddleware.swift in Sources */ = {isa = PBXBuildFile; fileRef = 967E2D042A3D7CAF0074CE1F /* UserDefaultsMiddleware.swift */; };
		967FAF2C2A4299A600034A78 /* DisplayState.swift in Sources */ = {isa = PBXBuildFile; fileRef = 967FAF2B2A4299A600034A78 /* DisplayState.swift */; };
		967FAF2E2A4386CB00034A78 /* SkewtStateTests.swift in Sources */ = {isa = PBXBuildFile; fileRef = 967FAF2D2A4386CB00034A78 /* SkewtStateTests.swift */; };
		9689981E2A16B5E7005457D6 /* SoundingRequestTests.swift in Sources */ = {isa = PBXBuildFile; fileRef = 9689981D2A16B5E7005457D6 /* SoundingRequestTests.swift */; };
		968998202A17323F005457D6 /* LocationState.swift in Sources */ = {isa = PBXBuildFile; fileRef = 9689981F2A17323F005457D6 /* LocationState.swift */; };
		968998222A1759B1005457D6 /* LocationMiddleware.swift in Sources */ = {isa = PBXBuildFile; fileRef = 968998212A1759B1005457D6 /* LocationMiddleware.swift */; };
		969117902A29165000A5C72D /* PlotStyling.swift in Sources */ = {isa = PBXBuildFile; fileRef = 9691178F2A29165000A5C72D /* PlotStyling.swift */; };
		969117922A29178900A5C72D /* PlotStylingTests.swift in Sources */ = {isa = PBXBuildFile; fileRef = 969117912A29178900A5C72D /* PlotStylingTests.swift */; };
		96A8F5E3299DAC3E0021A170 /* SkewtApp.swift in Sources */ = {isa = PBXBuildFile; fileRef = 96A8F5E2299DAC3E0021A170 /* SkewtApp.swift */; };
		96A8F5E5299DAC3E0021A170 /* ContentView.swift in Sources */ = {isa = PBXBuildFile; fileRef = 96A8F5E4299DAC3E0021A170 /* ContentView.swift */; };
		96A8F5E7299DAC3F0021A170 /* Assets.xcassets in Resources */ = {isa = PBXBuildFile; fileRef = 96A8F5E6299DAC3F0021A170 /* Assets.xcassets */; };
		96A8F5EA299DAC3F0021A170 /* Preview Assets.xcassets in Resources */ = {isa = PBXBuildFile; fileRef = 96A8F5E9299DAC3F0021A170 /* Preview Assets.xcassets */; };
		96A8F5F4299DAC3F0021A170 /* SkewtTests.swift in Sources */ = {isa = PBXBuildFile; fileRef = 96A8F5F3299DAC3F0021A170 /* SkewtTests.swift */; };
		96A8F5FE299DAC3F0021A170 /* SkewtUITests.swift in Sources */ = {isa = PBXBuildFile; fileRef = 96A8F5FD299DAC3F0021A170 /* SkewtUITests.swift */; };
		96A8F600299DAC3F0021A170 /* SkewtUITestsLaunchTests.swift in Sources */ = {isa = PBXBuildFile; fileRef = 96A8F5FF299DAC3F0021A170 /* SkewtUITestsLaunchTests.swift */; };
		96A8F60D299DAC680021A170 /* Sounding.swift in Sources */ = {isa = PBXBuildFile; fileRef = 96A8F60C299DAC680021A170 /* Sounding.swift */; };
		96AA78DE2A2E7760003338D8 /* LineStyleView.swift in Sources */ = {isa = PBXBuildFile; fileRef = 96AA78DD2A2E7760003338D8 /* LineStyleView.swift */; };
		96ABF2012A4F741B00CEA4A7 /* RucApiMiddlewareTests.swift in Sources */ = {isa = PBXBuildFile; fileRef = 96ABF2002A4F741B00CEA4A7 /* RucApiMiddlewareTests.swift */; };
		96D0A4312A3AFA1E009BE6FD /* SoundingSelectionView.swift in Sources */ = {isa = PBXBuildFile; fileRef = 96D0A4302A3AFA1E009BE6FD /* SoundingSelectionView.swift */; };
		96D30F302A83581200986E7E /* WindBarb.swift in Sources */ = {isa = PBXBuildFile; fileRef = 96D30F2F2A83581200986E7E /* WindBarb.swift */; };
		96DFD48E2A030B670095BC79 /* AnnotatedSkewtPlotView.swift in Sources */ = {isa = PBXBuildFile; fileRef = 96DFD48D2A030B670095BC79 /* AnnotatedSkewtPlotView.swift */; };
		96E334EF2A22963A00B90043 /* ConsoleLogMiddleware.swift in Sources */ = {isa = PBXBuildFile; fileRef = 96E334EE2A22963A00B90043 /* ConsoleLogMiddleware.swift */; };
		96E334F12A26757200B90043 /* LocationStateTests.swift in Sources */ = {isa = PBXBuildFile; fileRef = 96E334F02A26757200B90043 /* LocationStateTests.swift */; };
		96E334F32A2707E700B90043 /* DisplayOptionsView.swift in Sources */ = {isa = PBXBuildFile; fileRef = 96E334F22A2707E700B90043 /* DisplayOptionsView.swift */; };
		96F0818A2A4B67C100D8289A /* metar.short in Resources */ = {isa = PBXBuildFile; fileRef = 96F081892A4B67C100D8289A /* metar.short */; };
		96F3B4AF29A6D7C300DF4A58 /* nkx-raob-1.txt in Resources */ = {isa = PBXBuildFile; fileRef = 96F3B4AE29A6D7C300DF4A58 /* nkx-raob-1.txt */; };
		96F4B05829A72C73006D23BE /* iad-nam-1.txt in Resources */ = {isa = PBXBuildFile; fileRef = 96F4B05729A72C73006D23BE /* iad-nam-1.txt */; };
		96F4B05A29A72D61006D23BE /* ord-gfs-1.txt in Resources */ = {isa = PBXBuildFile; fileRef = 96F4B05929A72D61006D23BE /* ord-gfs-1.txt */; };
		96F4B05E29A80396006D23BE /* Store.swift in Sources */ = {isa = PBXBuildFile; fileRef = 96F4B05D29A80396006D23BE /* Store.swift */; };
		96F4B06029A804E1006D23BE /* SoundingRequest.swift in Sources */ = {isa = PBXBuildFile; fileRef = 96F4B05F29A804E1006D23BE /* SoundingRequest.swift */; };
		96F4B06229A9B12E006D23BE /* SkewtPlotView.swift in Sources */ = {isa = PBXBuildFile; fileRef = 96F4B06129A9B12E006D23BE /* SkewtPlotView.swift */; };
		96F4B06629B165D0006D23BE /* SkewtPlot.swift in Sources */ = {isa = PBXBuildFile; fileRef = 96F4B06529B165D0006D23BE /* SkewtPlot.swift */; };
		96F4B06829B2C395006D23BE /* SkewTPlotTests.swift in Sources */ = {isa = PBXBuildFile; fileRef = 96F4B06729B2C395006D23BE /* SkewTPlotTests.swift */; };
		96FE7E522A3A89ED0069AD3A /* RecentSoundingsState.swift in Sources */ = {isa = PBXBuildFile; fileRef = 96FE7E512A3A89ED0069AD3A /* RecentSoundingsState.swift */; };
		96FE7E542A3A8C030069AD3A /* SoundingsListApiMiddleware.swift in Sources */ = {isa = PBXBuildFile; fileRef = 96FE7E532A3A8C030069AD3A /* SoundingsListApiMiddleware.swift */; };
/* End PBXBuildFile section */

/* Begin PBXContainerItemProxy section */
		96A8F5F0299DAC3F0021A170 /* PBXContainerItemProxy */ = {
			isa = PBXContainerItemProxy;
			containerPortal = 96A8F5D7299DAC3E0021A170 /* Project object */;
			proxyType = 1;
			remoteGlobalIDString = 96A8F5DE299DAC3E0021A170;
			remoteInfo = Skewt;
		};
		96A8F5FA299DAC3F0021A170 /* PBXContainerItemProxy */ = {
			isa = PBXContainerItemProxy;
			containerPortal = 96A8F5D7299DAC3E0021A170 /* Project object */;
			proxyType = 1;
			remoteGlobalIDString = 96A8F5DE299DAC3E0021A170;
			remoteInfo = Skewt;
		};
/* End PBXContainerItemProxy section */

/* Begin PBXFileReference section */
		960092782A5A2DE500BCBAD0 /* LocationSearchMiddleware.swift */ = {isa = PBXFileReference; lastKnownFileType = sourcecode.swift; path = LocationSearchMiddleware.swift; sourceTree = "<group>"; };
		960B6EA02A93FC08009BB545 /* PrivacyPolicyView.swift */ = {isa = PBXFileReference; lastKnownFileType = sourcecode.swift; path = PrivacyPolicyView.swift; sourceTree = "<group>"; };
		961202622A156B03009423D5 /* SoundingState.swift */ = {isa = PBXFileReference; lastKnownFileType = sourcecode.swift; path = SoundingState.swift; sourceTree = "<group>"; };
		961202642A156B39009423D5 /* PlotOptions.swift */ = {isa = PBXFileReference; lastKnownFileType = sourcecode.swift; path = PlotOptions.swift; sourceTree = "<group>"; };
		961202662A157A52009423D5 /* RucApiMiddleware.swift */ = {isa = PBXFileReference; lastKnownFileType = sourcecode.swift; path = RucApiMiddleware.swift; sourceTree = "<group>"; };
		9629E30429BBB07100C2904E /* Thermodynamics.swift */ = {isa = PBXFileReference; lastKnownFileType = sourcecode.swift; path = Thermodynamics.swift; sourceTree = "<group>"; };
		9629E30829BBC3A300C2904E /* ThermodynamicsTests.swift */ = {isa = PBXFileReference; lastKnownFileType = sourcecode.swift; path = ThermodynamicsTests.swift; sourceTree = "<group>"; };
		962B3C5E29A43ECE000FDC8D /* san-op40-1.txt */ = {isa = PBXFileReference; fileEncoding = 4; lastKnownFileType = text; path = "san-op40-1.txt"; sourceTree = "<group>"; };
		962B3C5F29A43ECE000FDC8D /* san-op40-4.txt */ = {isa = PBXFileReference; fileEncoding = 4; lastKnownFileType = text; path = "san-op40-4.txt"; sourceTree = "<group>"; };
		963CF0EF2A1C5B87002116A0 /* PreviewStore.swift */ = {isa = PBXFileReference; lastKnownFileType = sourcecode.swift; path = PreviewStore.swift; sourceTree = "<group>"; };
		96590BA12A1D6562001143DB /* HourlyTimeSelectView.swift */ = {isa = PBXFileReference; lastKnownFileType = sourcecode.swift; path = HourlyTimeSelectView.swift; sourceTree = "<group>"; };
		965D664F2A528F420015FB4B /* SoundingSelectionRow.swift */ = {isa = PBXFileReference; lastKnownFileType = sourcecode.swift; path = SoundingSelectionRow.swift; sourceTree = "<group>"; };
		965D66532A5292D30015FB4B /* RecentSelectionsView.swift */ = {isa = PBXFileReference; lastKnownFileType = sourcecode.swift; path = RecentSelectionsView.swift; sourceTree = "<group>"; };
		965D66552A5293A50015FB4B /* ForecastSelectionView.swift */ = {isa = PBXFileReference; lastKnownFileType = sourcecode.swift; path = ForecastSelectionView.swift; sourceTree = "<group>"; };
		965D66582A52A09A0015FB4B /* RelativeLocations.swift */ = {isa = PBXFileReference; lastKnownFileType = sourcecode.swift; path = RelativeLocations.swift; sourceTree = "<group>"; };
		965D665A2A52A1E40015FB4B /* RelativeLocationTests.swift */ = {isa = PBXFileReference; lastKnownFileType = sourcecode.swift; path = RelativeLocationTests.swift; sourceTree = "<group>"; };
		9675D33E2A71B4BC00CA1435 /* SoundingTimeSelectView.swift */ = {isa = PBXFileReference; lastKnownFileType = sourcecode.swift; path = SoundingTimeSelectView.swift; sourceTree = "<group>"; };
		967E24242A366064009262D9 /* SoundingLocationList.swift */ = {isa = PBXFileReference; lastKnownFileType = sourcecode.swift; path = SoundingLocationList.swift; sourceTree = "<group>"; };
		967E24262A3660F2009262D9 /* raob.short */ = {isa = PBXFileReference; fileEncoding = 4; lastKnownFileType = text; path = raob.short; sourceTree = "<group>"; };
		967E24282A366110009262D9 /* SoundingLocationListTests.swift */ = {isa = PBXFileReference; lastKnownFileType = sourcecode.swift; path = SoundingLocationListTests.swift; sourceTree = "<group>"; };
		967E242A2A3670F6009262D9 /* latest_pbraob.txt */ = {isa = PBXFileReference; fileEncoding = 4; lastKnownFileType = text; path = latest_pbraob.txt; sourceTree = "<group>"; };
		967E2D042A3D7CAF0074CE1F /* UserDefaultsMiddleware.swift */ = {isa = PBXFileReference; lastKnownFileType = sourcecode.swift; path = UserDefaultsMiddleware.swift; sourceTree = "<group>"; };
		967FAF2B2A4299A600034A78 /* DisplayState.swift */ = {isa = PBXFileReference; lastKnownFileType = sourcecode.swift; path = DisplayState.swift; sourceTree = "<group>"; };
		967FAF2D2A4386CB00034A78 /* SkewtStateTests.swift */ = {isa = PBXFileReference; lastKnownFileType = sourcecode.swift; path = SkewtStateTests.swift; sourceTree = "<group>"; };
		9689981D2A16B5E7005457D6 /* SoundingRequestTests.swift */ = {isa = PBXFileReference; lastKnownFileType = sourcecode.swift; path = SoundingRequestTests.swift; sourceTree = "<group>"; };
		9689981F2A17323F005457D6 /* LocationState.swift */ = {isa = PBXFileReference; lastKnownFileType = sourcecode.swift; path = LocationState.swift; sourceTree = "<group>"; };
		968998212A1759B1005457D6 /* LocationMiddleware.swift */ = {isa = PBXFileReference; lastKnownFileType = sourcecode.swift; path = LocationMiddleware.swift; sourceTree = "<group>"; };
		968998232A17F8E2005457D6 /* Info.plist */ = {isa = PBXFileReference; lastKnownFileType = text.plist; path = Info.plist; sourceTree = "<group>"; };
		9691178F2A29165000A5C72D /* PlotStyling.swift */ = {isa = PBXFileReference; lastKnownFileType = sourcecode.swift; path = PlotStyling.swift; sourceTree = "<group>"; };
		969117912A29178900A5C72D /* PlotStylingTests.swift */ = {isa = PBXFileReference; lastKnownFileType = sourcecode.swift; path = PlotStylingTests.swift; sourceTree = "<group>"; };
		96A8F5DF299DAC3E0021A170 /* Skewt.app */ = {isa = PBXFileReference; explicitFileType = wrapper.application; includeInIndex = 0; path = Skewt.app; sourceTree = BUILT_PRODUCTS_DIR; };
		96A8F5E2299DAC3E0021A170 /* SkewtApp.swift */ = {isa = PBXFileReference; lastKnownFileType = sourcecode.swift; path = SkewtApp.swift; sourceTree = "<group>"; };
		96A8F5E4299DAC3E0021A170 /* ContentView.swift */ = {isa = PBXFileReference; lastKnownFileType = sourcecode.swift; path = ContentView.swift; sourceTree = "<group>"; };
		96A8F5E6299DAC3F0021A170 /* Assets.xcassets */ = {isa = PBXFileReference; lastKnownFileType = folder.assetcatalog; path = Assets.xcassets; sourceTree = "<group>"; };
		96A8F5E9299DAC3F0021A170 /* Preview Assets.xcassets */ = {isa = PBXFileReference; lastKnownFileType = folder.assetcatalog; path = "Preview Assets.xcassets"; sourceTree = "<group>"; };
		96A8F5EF299DAC3F0021A170 /* SkewtTests.xctest */ = {isa = PBXFileReference; explicitFileType = wrapper.cfbundle; includeInIndex = 0; path = SkewtTests.xctest; sourceTree = BUILT_PRODUCTS_DIR; };
		96A8F5F3299DAC3F0021A170 /* SkewtTests.swift */ = {isa = PBXFileReference; lastKnownFileType = sourcecode.swift; path = SkewtTests.swift; sourceTree = "<group>"; };
		96A8F5F9299DAC3F0021A170 /* SkewtUITests.xctest */ = {isa = PBXFileReference; explicitFileType = wrapper.cfbundle; includeInIndex = 0; path = SkewtUITests.xctest; sourceTree = BUILT_PRODUCTS_DIR; };
		96A8F5FD299DAC3F0021A170 /* SkewtUITests.swift */ = {isa = PBXFileReference; lastKnownFileType = sourcecode.swift; path = SkewtUITests.swift; sourceTree = "<group>"; };
		96A8F5FF299DAC3F0021A170 /* SkewtUITestsLaunchTests.swift */ = {isa = PBXFileReference; lastKnownFileType = sourcecode.swift; path = SkewtUITestsLaunchTests.swift; sourceTree = "<group>"; };
		96A8F60C299DAC680021A170 /* Sounding.swift */ = {isa = PBXFileReference; lastKnownFileType = sourcecode.swift; path = Sounding.swift; sourceTree = "<group>"; };
		96AA78DD2A2E7760003338D8 /* LineStyleView.swift */ = {isa = PBXFileReference; lastKnownFileType = sourcecode.swift; path = LineStyleView.swift; sourceTree = "<group>"; };
		96ABF2002A4F741B00CEA4A7 /* RucApiMiddlewareTests.swift */ = {isa = PBXFileReference; lastKnownFileType = sourcecode.swift; path = RucApiMiddlewareTests.swift; sourceTree = "<group>"; };
		96D0A4302A3AFA1E009BE6FD /* SoundingSelectionView.swift */ = {isa = PBXFileReference; lastKnownFileType = sourcecode.swift; path = SoundingSelectionView.swift; sourceTree = "<group>"; };
		96D30F2F2A83581200986E7E /* WindBarb.swift */ = {isa = PBXFileReference; lastKnownFileType = sourcecode.swift; path = WindBarb.swift; sourceTree = "<group>"; };
		96DFD48D2A030B670095BC79 /* AnnotatedSkewtPlotView.swift */ = {isa = PBXFileReference; lastKnownFileType = sourcecode.swift; path = AnnotatedSkewtPlotView.swift; sourceTree = "<group>"; };
		96E334EE2A22963A00B90043 /* ConsoleLogMiddleware.swift */ = {isa = PBXFileReference; lastKnownFileType = sourcecode.swift; path = ConsoleLogMiddleware.swift; sourceTree = "<group>"; };
		96E334F02A26757200B90043 /* LocationStateTests.swift */ = {isa = PBXFileReference; lastKnownFileType = sourcecode.swift; path = LocationStateTests.swift; sourceTree = "<group>"; };
		96E334F22A2707E700B90043 /* DisplayOptionsView.swift */ = {isa = PBXFileReference; lastKnownFileType = sourcecode.swift; path = DisplayOptionsView.swift; sourceTree = "<group>"; };
		96F081892A4B67C100D8289A /* metar.short */ = {isa = PBXFileReference; fileEncoding = 4; lastKnownFileType = text; path = metar.short; sourceTree = "<group>"; };
		96F3B4AE29A6D7C300DF4A58 /* nkx-raob-1.txt */ = {isa = PBXFileReference; fileEncoding = 4; lastKnownFileType = text; path = "nkx-raob-1.txt"; sourceTree = "<group>"; };
		96F4B05729A72C73006D23BE /* iad-nam-1.txt */ = {isa = PBXFileReference; fileEncoding = 4; lastKnownFileType = text; path = "iad-nam-1.txt"; sourceTree = "<group>"; };
		96F4B05929A72D61006D23BE /* ord-gfs-1.txt */ = {isa = PBXFileReference; fileEncoding = 4; lastKnownFileType = text; path = "ord-gfs-1.txt"; sourceTree = "<group>"; };
		96F4B05D29A80396006D23BE /* Store.swift */ = {isa = PBXFileReference; lastKnownFileType = sourcecode.swift; path = Store.swift; sourceTree = "<group>"; };
		96F4B05F29A804E1006D23BE /* SoundingRequest.swift */ = {isa = PBXFileReference; lastKnownFileType = sourcecode.swift; path = SoundingRequest.swift; sourceTree = "<group>"; };
		96F4B06129A9B12E006D23BE /* SkewtPlotView.swift */ = {isa = PBXFileReference; lastKnownFileType = sourcecode.swift; path = SkewtPlotView.swift; sourceTree = "<group>"; };
		96F4B06529B165D0006D23BE /* SkewtPlot.swift */ = {isa = PBXFileReference; lastKnownFileType = sourcecode.swift; path = SkewtPlot.swift; sourceTree = "<group>"; };
		96F4B06729B2C395006D23BE /* SkewTPlotTests.swift */ = {isa = PBXFileReference; lastKnownFileType = sourcecode.swift; path = SkewTPlotTests.swift; sourceTree = "<group>"; };
		96FE7E512A3A89ED0069AD3A /* RecentSoundingsState.swift */ = {isa = PBXFileReference; lastKnownFileType = sourcecode.swift; path = RecentSoundingsState.swift; sourceTree = "<group>"; };
		96FE7E532A3A8C030069AD3A /* SoundingsListApiMiddleware.swift */ = {isa = PBXFileReference; lastKnownFileType = sourcecode.swift; path = SoundingsListApiMiddleware.swift; sourceTree = "<group>"; };
/* End PBXFileReference section */

/* Begin PBXFrameworksBuildPhase section */
		96A8F5DC299DAC3E0021A170 /* Frameworks */ = {
			isa = PBXFrameworksBuildPhase;
			buildActionMask = 2147483647;
			files = (
			);
			runOnlyForDeploymentPostprocessing = 0;
		};
		96A8F5EC299DAC3F0021A170 /* Frameworks */ = {
			isa = PBXFrameworksBuildPhase;
			buildActionMask = 2147483647;
			files = (
			);
			runOnlyForDeploymentPostprocessing = 0;
		};
		96A8F5F6299DAC3F0021A170 /* Frameworks */ = {
			isa = PBXFrameworksBuildPhase;
			buildActionMask = 2147483647;
			files = (
			);
			runOnlyForDeploymentPostprocessing = 0;
		};
/* End PBXFrameworksBuildPhase section */

/* Begin PBXGroup section */
		961202612A156AC2009423D5 /* State */ = {
			isa = PBXGroup;
			children = (
				96AA78DA2A2E759D003338D8 /* Middleware */,
				96F4B05D29A80396006D23BE /* Store.swift */,
				967FAF2B2A4299A600034A78 /* DisplayState.swift */,
				961202622A156B03009423D5 /* SoundingState.swift */,
				9689981F2A17323F005457D6 /* LocationState.swift */,
				961202642A156B39009423D5 /* PlotOptions.swift */,
				96FE7E512A3A89ED0069AD3A /* RecentSoundingsState.swift */,
			);
			path = State;
			sourceTree = "<group>";
		};
		965D66572A5293A90015FB4B /* Selection */ = {
			isa = PBXGroup;
			children = (
				965D66552A5293A50015FB4B /* ForecastSelectionView.swift */,
				965D66532A5292D30015FB4B /* RecentSelectionsView.swift */,
				965D664F2A528F420015FB4B /* SoundingSelectionRow.swift */,
				96D0A4302A3AFA1E009BE6FD /* SoundingSelectionView.swift */,
			);
			path = Selection;
			sourceTree = "<group>";
		};
		96A8F5D6299DAC3E0021A170 = {
			isa = PBXGroup;
			children = (
				96A8F5E1299DAC3E0021A170 /* Skewt */,
				96A8F5F2299DAC3F0021A170 /* SkewtTests */,
				96A8F5FC299DAC3F0021A170 /* SkewtUITests */,
				96A8F5E0299DAC3E0021A170 /* Products */,
			);
			sourceTree = "<group>";
		};
		96A8F5E0299DAC3E0021A170 /* Products */ = {
			isa = PBXGroup;
			children = (
				96A8F5DF299DAC3E0021A170 /* Skewt.app */,
				96A8F5EF299DAC3F0021A170 /* SkewtTests.xctest */,
				96A8F5F9299DAC3F0021A170 /* SkewtUITests.xctest */,
			);
			name = Products;
			sourceTree = "<group>";
		};
		96A8F5E1299DAC3E0021A170 /* Skewt */ = {
			isa = PBXGroup;
			children = (
				96A8F5E2299DAC3E0021A170 /* SkewtApp.swift */,
				96A8F5E4299DAC3E0021A170 /* ContentView.swift */,
				968998232A17F8E2005457D6 /* Info.plist */,
				96A8F5E6299DAC3F0021A170 /* Assets.xcassets */,
				96A8F5E8299DAC3F0021A170 /* Preview Content */,
				96AA78DC2A2E763A003338D8 /* Model */,
				961202612A156AC2009423D5 /* State */,
				96AA78DB2A2E75E2003338D8 /* Views */,
			);
			path = Skewt;
			sourceTree = "<group>";
		};
		96A8F5E8299DAC3F0021A170 /* Preview Content */ = {
			isa = PBXGroup;
			children = (
				96A8F5E9299DAC3F0021A170 /* Preview Assets.xcassets */,
				963CF0EF2A1C5B87002116A0 /* PreviewStore.swift */,
			);
			path = "Preview Content";
			sourceTree = "<group>";
		};
		96A8F5F2299DAC3F0021A170 /* SkewtTests */ = {
			isa = PBXGroup;
			children = (
				96E334F02A26757200B90043 /* LocationStateTests.swift */,
				967FAF2D2A4386CB00034A78 /* SkewtStateTests.swift */,
				969117912A29178900A5C72D /* PlotStylingTests.swift */,
				965D665A2A52A1E40015FB4B /* RelativeLocationTests.swift */,
				96ABF2002A4F741B00CEA4A7 /* RucApiMiddlewareTests.swift */,
				96F4B06729B2C395006D23BE /* SkewTPlotTests.swift */,
				96A8F5F3299DAC3F0021A170 /* SkewtTests.swift */,
				967E24282A366110009262D9 /* SoundingLocationListTests.swift */,
				9689981D2A16B5E7005457D6 /* SoundingRequestTests.swift */,
				9629E30829BBC3A300C2904E /* ThermodynamicsTests.swift */,
				96F4B05729A72C73006D23BE /* iad-nam-1.txt */,
				967E242A2A3670F6009262D9 /* latest_pbraob.txt */,
				96F081892A4B67C100D8289A /* metar.short */,
				96F3B4AE29A6D7C300DF4A58 /* nkx-raob-1.txt */,
				96F4B05929A72D61006D23BE /* ord-gfs-1.txt */,
				967E24262A3660F2009262D9 /* raob.short */,
				962B3C5E29A43ECE000FDC8D /* san-op40-1.txt */,
				962B3C5F29A43ECE000FDC8D /* san-op40-4.txt */,
			);
			path = SkewtTests;
			sourceTree = "<group>";
		};
		96A8F5FC299DAC3F0021A170 /* SkewtUITests */ = {
			isa = PBXGroup;
			children = (
				96A8F5FD299DAC3F0021A170 /* SkewtUITests.swift */,
				96A8F5FF299DAC3F0021A170 /* SkewtUITestsLaunchTests.swift */,
			);
			path = SkewtUITests;
			sourceTree = "<group>";
		};
		96AA78DA2A2E759D003338D8 /* Middleware */ = {
			isa = PBXGroup;
			children = (
				96E334EE2A22963A00B90043 /* ConsoleLogMiddleware.swift */,
				968998212A1759B1005457D6 /* LocationMiddleware.swift */,
				961202662A157A52009423D5 /* RucApiMiddleware.swift */,
				96FE7E532A3A8C030069AD3A /* SoundingsListApiMiddleware.swift */,
				967E2D042A3D7CAF0074CE1F /* UserDefaultsMiddleware.swift */,
				960092782A5A2DE500BCBAD0 /* LocationSearchMiddleware.swift */,
			);
			path = Middleware;
			sourceTree = "<group>";
		};
		96AA78DB2A2E75E2003338D8 /* Views */ = {
			isa = PBXGroup;
			children = (
				965D66572A5293A90015FB4B /* Selection */,
				96DFD48D2A030B670095BC79 /* AnnotatedSkewtPlotView.swift */,
				96E334F22A2707E700B90043 /* DisplayOptionsView.swift */,
				96590BA12A1D6562001143DB /* HourlyTimeSelectView.swift */,
				96AA78DD2A2E7760003338D8 /* LineStyleView.swift */,
				9691178F2A29165000A5C72D /* PlotStyling.swift */,
				960B6EA02A93FC08009BB545 /* PrivacyPolicyView.swift */,
				96F4B06129A9B12E006D23BE /* SkewtPlotView.swift */,
				9675D33E2A71B4BC00CA1435 /* SoundingTimeSelectView.swift */,
				96D30F2F2A83581200986E7E /* WindBarb.swift */,
			);
			path = Views;
			sourceTree = "<group>";
		};
		96AA78DC2A2E763A003338D8 /* Model */ = {
			isa = PBXGroup;
			children = (
				96F4B06529B165D0006D23BE /* SkewtPlot.swift */,
				96A8F60C299DAC680021A170 /* Sounding.swift */,
				96F4B05F29A804E1006D23BE /* SoundingRequest.swift */,
				9629E30429BBB07100C2904E /* Thermodynamics.swift */,
				965D66582A52A09A0015FB4B /* RelativeLocations.swift */,
				967E24242A366064009262D9 /* SoundingLocationList.swift */,
			);
			path = Model;
			sourceTree = "<group>";
		};
/* End PBXGroup section */

/* Begin PBXNativeTarget section */
		96A8F5DE299DAC3E0021A170 /* Skewt */ = {
			isa = PBXNativeTarget;
			buildConfigurationList = 96A8F603299DAC3F0021A170 /* Build configuration list for PBXNativeTarget "Skewt" */;
			buildPhases = (
				96A8F5DB299DAC3E0021A170 /* Sources */,
				96A8F5DC299DAC3E0021A170 /* Frameworks */,
				96A8F5DD299DAC3E0021A170 /* Resources */,
			);
			buildRules = (
			);
			dependencies = (
			);
			name = Skewt;
			productName = Skewt;
			productReference = 96A8F5DF299DAC3E0021A170 /* Skewt.app */;
			productType = "com.apple.product-type.application";
		};
		96A8F5EE299DAC3F0021A170 /* SkewtTests */ = {
			isa = PBXNativeTarget;
			buildConfigurationList = 96A8F606299DAC3F0021A170 /* Build configuration list for PBXNativeTarget "SkewtTests" */;
			buildPhases = (
				96A8F5EB299DAC3F0021A170 /* Sources */,
				96A8F5EC299DAC3F0021A170 /* Frameworks */,
				96A8F5ED299DAC3F0021A170 /* Resources */,
			);
			buildRules = (
			);
			dependencies = (
				96A8F5F1299DAC3F0021A170 /* PBXTargetDependency */,
			);
			name = SkewtTests;
			productName = SkewtTests;
			productReference = 96A8F5EF299DAC3F0021A170 /* SkewtTests.xctest */;
			productType = "com.apple.product-type.bundle.unit-test";
		};
		96A8F5F8299DAC3F0021A170 /* SkewtUITests */ = {
			isa = PBXNativeTarget;
			buildConfigurationList = 96A8F609299DAC3F0021A170 /* Build configuration list for PBXNativeTarget "SkewtUITests" */;
			buildPhases = (
				96A8F5F5299DAC3F0021A170 /* Sources */,
				96A8F5F6299DAC3F0021A170 /* Frameworks */,
				96A8F5F7299DAC3F0021A170 /* Resources */,
			);
			buildRules = (
			);
			dependencies = (
				96A8F5FB299DAC3F0021A170 /* PBXTargetDependency */,
			);
			name = SkewtUITests;
			productName = SkewtUITests;
			productReference = 96A8F5F9299DAC3F0021A170 /* SkewtUITests.xctest */;
			productType = "com.apple.product-type.bundle.ui-testing";
		};
/* End PBXNativeTarget section */

/* Begin PBXProject section */
		96A8F5D7299DAC3E0021A170 /* Project object */ = {
			isa = PBXProject;
			attributes = {
				BuildIndependentTargetsInParallel = 1;
				LastSwiftUpdateCheck = 1340;
				LastUpgradeCheck = 1340;
				TargetAttributes = {
					96A8F5DE299DAC3E0021A170 = {
						CreatedOnToolsVersion = 13.4.1;
					};
					96A8F5EE299DAC3F0021A170 = {
						CreatedOnToolsVersion = 13.4.1;
						TestTargetID = 96A8F5DE299DAC3E0021A170;
					};
					96A8F5F8299DAC3F0021A170 = {
						CreatedOnToolsVersion = 13.4.1;
						TestTargetID = 96A8F5DE299DAC3E0021A170;
					};
				};
			};
			buildConfigurationList = 96A8F5DA299DAC3E0021A170 /* Build configuration list for PBXProject "Skewt" */;
			compatibilityVersion = "Xcode 13.0";
			developmentRegion = en;
			hasScannedForEncodings = 0;
			knownRegions = (
				en,
				Base,
			);
			mainGroup = 96A8F5D6299DAC3E0021A170;
			productRefGroup = 96A8F5E0299DAC3E0021A170 /* Products */;
			projectDirPath = "";
			projectRoot = "";
			targets = (
				96A8F5DE299DAC3E0021A170 /* Skewt */,
				96A8F5EE299DAC3F0021A170 /* SkewtTests */,
				96A8F5F8299DAC3F0021A170 /* SkewtUITests */,
			);
		};
/* End PBXProject section */

/* Begin PBXResourcesBuildPhase section */
		96A8F5DD299DAC3E0021A170 /* Resources */ = {
			isa = PBXResourcesBuildPhase;
			buildActionMask = 2147483647;
			files = (
				96A8F5EA299DAC3F0021A170 /* Preview Assets.xcassets in Resources */,
				96A8F5E7299DAC3F0021A170 /* Assets.xcassets in Resources */,
			);
			runOnlyForDeploymentPostprocessing = 0;
		};
		96A8F5ED299DAC3F0021A170 /* Resources */ = {
			isa = PBXResourcesBuildPhase;
			buildActionMask = 2147483647;
			files = (
				96F4B05829A72C73006D23BE /* iad-nam-1.txt in Resources */,
				967E242B2A3670F6009262D9 /* latest_pbraob.txt in Resources */,
				96F0818A2A4B67C100D8289A /* metar.short in Resources */,
				96F3B4AF29A6D7C300DF4A58 /* nkx-raob-1.txt in Resources */,
				967E24272A3660F2009262D9 /* raob.short in Resources */,
				962B3C6029A43ECE000FDC8D /* san-op40-1.txt in Resources */,
				96F4B05A29A72D61006D23BE /* ord-gfs-1.txt in Resources */,
				962B3C6129A43ECE000FDC8D /* san-op40-4.txt in Resources */,
			);
			runOnlyForDeploymentPostprocessing = 0;
		};
		96A8F5F7299DAC3F0021A170 /* Resources */ = {
			isa = PBXResourcesBuildPhase;
			buildActionMask = 2147483647;
			files = (
			);
			runOnlyForDeploymentPostprocessing = 0;
		};
/* End PBXResourcesBuildPhase section */

/* Begin PBXSourcesBuildPhase section */
		96A8F5DB299DAC3E0021A170 /* Sources */ = {
			isa = PBXSourcesBuildPhase;
			buildActionMask = 2147483647;
			files = (
				96FE7E542A3A8C030069AD3A /* SoundingsListApiMiddleware.swift in Sources */,
				968998222A1759B1005457D6 /* LocationMiddleware.swift in Sources */,
				965D66592A52A09A0015FB4B /* RelativeLocations.swift in Sources */,
				96DFD48E2A030B670095BC79 /* AnnotatedSkewtPlotView.swift in Sources */,
				965D66502A528F420015FB4B /* SoundingSelectionRow.swift in Sources */,
				96A8F5E5299DAC3E0021A170 /* ContentView.swift in Sources */,
				968998202A17323F005457D6 /* LocationState.swift in Sources */,
				969117902A29165000A5C72D /* PlotStyling.swift in Sources */,
				9675D33F2A71B4BC00CA1435 /* SoundingTimeSelectView.swift in Sources */,
				96FE7E522A3A89ED0069AD3A /* RecentSoundingsState.swift in Sources */,
				967E24252A366064009262D9 /* SoundingLocationList.swift in Sources */,
				961202652A156B39009423D5 /* PlotOptions.swift in Sources */,
				961202632A156B03009423D5 /* SoundingState.swift in Sources */,
				96E334F32A2707E700B90043 /* DisplayOptionsView.swift in Sources */,
				96D0A4312A3AFA1E009BE6FD /* SoundingSelectionView.swift in Sources */,
				960B6EA12A93FC08009BB545 /* PrivacyPolicyView.swift in Sources */,
				967FAF2C2A4299A600034A78 /* DisplayState.swift in Sources */,
				96A8F5E3299DAC3E0021A170 /* SkewtApp.swift in Sources */,
				967E2D052A3D7CAF0074CE1F /* UserDefaultsMiddleware.swift in Sources */,
				96F4B05E29A80396006D23BE /* Store.swift in Sources */,
				96F4B06029A804E1006D23BE /* SoundingRequest.swift in Sources */,
				96590BA22A1D6562001143DB /* HourlyTimeSelectView.swift in Sources */,
				961202672A157A52009423D5 /* RucApiMiddleware.swift in Sources */,
				963CF0F02A1C5B87002116A0 /* PreviewStore.swift in Sources */,
				96D30F302A83581200986E7E /* WindBarb.swift in Sources */,
				96E334EF2A22963A00B90043 /* ConsoleLogMiddleware.swift in Sources */,
				965D66542A5292D30015FB4B /* RecentSelectionsView.swift in Sources */,
				96A8F60D299DAC680021A170 /* Sounding.swift in Sources */,
				960092792A5A2DE500BCBAD0 /* LocationSearchMiddleware.swift in Sources */,
				96F4B06229A9B12E006D23BE /* SkewtPlotView.swift in Sources */,
				96F4B06629B165D0006D23BE /* SkewtPlot.swift in Sources */,
				965D66562A5293A50015FB4B /* ForecastSelectionView.swift in Sources */,
				96AA78DE2A2E7760003338D8 /* LineStyleView.swift in Sources */,
				9629E30529BBB07100C2904E /* Thermodynamics.swift in Sources */,
			);
			runOnlyForDeploymentPostprocessing = 0;
		};
		96A8F5EB299DAC3F0021A170 /* Sources */ = {
			isa = PBXSourcesBuildPhase;
			buildActionMask = 2147483647;
			files = (
				9689981E2A16B5E7005457D6 /* SoundingRequestTests.swift in Sources */,
				969117922A29178900A5C72D /* PlotStylingTests.swift in Sources */,
				965D665B2A52A1E40015FB4B /* RelativeLocationTests.swift in Sources */,
				9629E30929BBC3A300C2904E /* ThermodynamicsTests.swift in Sources */,
				96E334F12A26757200B90043 /* LocationStateTests.swift in Sources */,
				967E24292A366110009262D9 /* SoundingLocationListTests.swift in Sources */,
				96A8F5F4299DAC3F0021A170 /* SkewtTests.swift in Sources */,
				96ABF2012A4F741B00CEA4A7 /* RucApiMiddlewareTests.swift in Sources */,
				967FAF2E2A4386CB00034A78 /* SkewtStateTests.swift in Sources */,
				96F4B06829B2C395006D23BE /* SkewTPlotTests.swift in Sources */,
			);
			runOnlyForDeploymentPostprocessing = 0;
		};
		96A8F5F5299DAC3F0021A170 /* Sources */ = {
			isa = PBXSourcesBuildPhase;
			buildActionMask = 2147483647;
			files = (
				96A8F5FE299DAC3F0021A170 /* SkewtUITests.swift in Sources */,
				96A8F600299DAC3F0021A170 /* SkewtUITestsLaunchTests.swift in Sources */,
			);
			runOnlyForDeploymentPostprocessing = 0;
		};
/* End PBXSourcesBuildPhase section */

/* Begin PBXTargetDependency section */
		96A8F5F1299DAC3F0021A170 /* PBXTargetDependency */ = {
			isa = PBXTargetDependency;
			target = 96A8F5DE299DAC3E0021A170 /* Skewt */;
			targetProxy = 96A8F5F0299DAC3F0021A170 /* PBXContainerItemProxy */;
		};
		96A8F5FB299DAC3F0021A170 /* PBXTargetDependency */ = {
			isa = PBXTargetDependency;
			target = 96A8F5DE299DAC3E0021A170 /* Skewt */;
			targetProxy = 96A8F5FA299DAC3F0021A170 /* PBXContainerItemProxy */;
		};
/* End PBXTargetDependency section */

/* Begin XCBuildConfiguration section */
		96A8F601299DAC3F0021A170 /* Debug */ = {
			isa = XCBuildConfiguration;
			buildSettings = {
				ALWAYS_SEARCH_USER_PATHS = NO;
				CLANG_ANALYZER_NONNULL = YES;
				CLANG_ANALYZER_NUMBER_OBJECT_CONVERSION = YES_AGGRESSIVE;
				CLANG_CXX_LANGUAGE_STANDARD = "gnu++17";
				CLANG_ENABLE_MODULES = YES;
				CLANG_ENABLE_OBJC_ARC = YES;
				CLANG_ENABLE_OBJC_WEAK = YES;
				CLANG_WARN_BLOCK_CAPTURE_AUTORELEASING = YES;
				CLANG_WARN_BOOL_CONVERSION = YES;
				CLANG_WARN_COMMA = YES;
				CLANG_WARN_CONSTANT_CONVERSION = YES;
				CLANG_WARN_DEPRECATED_OBJC_IMPLEMENTATIONS = YES;
				CLANG_WARN_DIRECT_OBJC_ISA_USAGE = YES_ERROR;
				CLANG_WARN_DOCUMENTATION_COMMENTS = YES;
				CLANG_WARN_EMPTY_BODY = YES;
				CLANG_WARN_ENUM_CONVERSION = YES;
				CLANG_WARN_INFINITE_RECURSION = YES;
				CLANG_WARN_INT_CONVERSION = YES;
				CLANG_WARN_NON_LITERAL_NULL_CONVERSION = YES;
				CLANG_WARN_OBJC_IMPLICIT_RETAIN_SELF = YES;
				CLANG_WARN_OBJC_LITERAL_CONVERSION = YES;
				CLANG_WARN_OBJC_ROOT_CLASS = YES_ERROR;
				CLANG_WARN_QUOTED_INCLUDE_IN_FRAMEWORK_HEADER = YES;
				CLANG_WARN_RANGE_LOOP_ANALYSIS = YES;
				CLANG_WARN_STRICT_PROTOTYPES = YES;
				CLANG_WARN_SUSPICIOUS_MOVE = YES;
				CLANG_WARN_UNGUARDED_AVAILABILITY = YES_AGGRESSIVE;
				CLANG_WARN_UNREACHABLE_CODE = YES;
				CLANG_WARN__DUPLICATE_METHOD_MATCH = YES;
				COPY_PHASE_STRIP = NO;
				DEBUG_INFORMATION_FORMAT = dwarf;
				ENABLE_STRICT_OBJC_MSGSEND = YES;
				ENABLE_TESTABILITY = YES;
				GCC_C_LANGUAGE_STANDARD = gnu11;
				GCC_DYNAMIC_NO_PIC = NO;
				GCC_NO_COMMON_BLOCKS = YES;
				GCC_OPTIMIZATION_LEVEL = 0;
				GCC_PREPROCESSOR_DEFINITIONS = (
					"DEBUG=1",
					"$(inherited)",
				);
				GCC_WARN_64_TO_32_BIT_CONVERSION = YES;
				GCC_WARN_ABOUT_RETURN_TYPE = YES_ERROR;
				GCC_WARN_UNDECLARED_SELECTOR = YES;
				GCC_WARN_UNINITIALIZED_AUTOS = YES_AGGRESSIVE;
				GCC_WARN_UNUSED_FUNCTION = YES;
				GCC_WARN_UNUSED_VARIABLE = YES;
				IPHONEOS_DEPLOYMENT_TARGET = 15.5;
				MTL_ENABLE_DEBUG_INFO = INCLUDE_SOURCE;
				MTL_FAST_MATH = YES;
				ONLY_ACTIVE_ARCH = YES;
				SDKROOT = iphoneos;
				SWIFT_ACTIVE_COMPILATION_CONDITIONS = DEBUG;
				SWIFT_OPTIMIZATION_LEVEL = "-Onone";
			};
			name = Debug;
		};
		96A8F602299DAC3F0021A170 /* Release */ = {
			isa = XCBuildConfiguration;
			buildSettings = {
				ALWAYS_SEARCH_USER_PATHS = NO;
				CLANG_ANALYZER_NONNULL = YES;
				CLANG_ANALYZER_NUMBER_OBJECT_CONVERSION = YES_AGGRESSIVE;
				CLANG_CXX_LANGUAGE_STANDARD = "gnu++17";
				CLANG_ENABLE_MODULES = YES;
				CLANG_ENABLE_OBJC_ARC = YES;
				CLANG_ENABLE_OBJC_WEAK = YES;
				CLANG_WARN_BLOCK_CAPTURE_AUTORELEASING = YES;
				CLANG_WARN_BOOL_CONVERSION = YES;
				CLANG_WARN_COMMA = YES;
				CLANG_WARN_CONSTANT_CONVERSION = YES;
				CLANG_WARN_DEPRECATED_OBJC_IMPLEMENTATIONS = YES;
				CLANG_WARN_DIRECT_OBJC_ISA_USAGE = YES_ERROR;
				CLANG_WARN_DOCUMENTATION_COMMENTS = YES;
				CLANG_WARN_EMPTY_BODY = YES;
				CLANG_WARN_ENUM_CONVERSION = YES;
				CLANG_WARN_INFINITE_RECURSION = YES;
				CLANG_WARN_INT_CONVERSION = YES;
				CLANG_WARN_NON_LITERAL_NULL_CONVERSION = YES;
				CLANG_WARN_OBJC_IMPLICIT_RETAIN_SELF = YES;
				CLANG_WARN_OBJC_LITERAL_CONVERSION = YES;
				CLANG_WARN_OBJC_ROOT_CLASS = YES_ERROR;
				CLANG_WARN_QUOTED_INCLUDE_IN_FRAMEWORK_HEADER = YES;
				CLANG_WARN_RANGE_LOOP_ANALYSIS = YES;
				CLANG_WARN_STRICT_PROTOTYPES = YES;
				CLANG_WARN_SUSPICIOUS_MOVE = YES;
				CLANG_WARN_UNGUARDED_AVAILABILITY = YES_AGGRESSIVE;
				CLANG_WARN_UNREACHABLE_CODE = YES;
				CLANG_WARN__DUPLICATE_METHOD_MATCH = YES;
				COPY_PHASE_STRIP = NO;
				DEBUG_INFORMATION_FORMAT = "dwarf-with-dsym";
				ENABLE_NS_ASSERTIONS = NO;
				ENABLE_STRICT_OBJC_MSGSEND = YES;
				GCC_C_LANGUAGE_STANDARD = gnu11;
				GCC_NO_COMMON_BLOCKS = YES;
				GCC_WARN_64_TO_32_BIT_CONVERSION = YES;
				GCC_WARN_ABOUT_RETURN_TYPE = YES_ERROR;
				GCC_WARN_UNDECLARED_SELECTOR = YES;
				GCC_WARN_UNINITIALIZED_AUTOS = YES_AGGRESSIVE;
				GCC_WARN_UNUSED_FUNCTION = YES;
				GCC_WARN_UNUSED_VARIABLE = YES;
				IPHONEOS_DEPLOYMENT_TARGET = 15.5;
				MTL_ENABLE_DEBUG_INFO = NO;
				MTL_FAST_MATH = YES;
				SDKROOT = iphoneos;
				SWIFT_COMPILATION_MODE = wholemodule;
				SWIFT_OPTIMIZATION_LEVEL = "-O";
				VALIDATE_PRODUCT = YES;
			};
			name = Release;
		};
		96A8F604299DAC3F0021A170 /* Debug */ = {
			isa = XCBuildConfiguration;
			buildSettings = {
				ASSETCATALOG_COMPILER_APPICON_NAME = AppIcon;
				ASSETCATALOG_COMPILER_GLOBAL_ACCENT_COLOR_NAME = AccentColor;
				CODE_SIGN_STYLE = Automatic;
				CURRENT_PROJECT_VERSION = 1;
				DEVELOPMENT_ASSET_PATHS = "\"Skewt/Preview Content\"";
				DEVELOPMENT_TEAM = HNS87AD5L9;
				ENABLE_PREVIEWS = YES;
				GENERATE_INFOPLIST_FILE = YES;
				INFOPLIST_FILE = Skewt/Info.plist;
				INFOPLIST_KEY_CFBundleDisplayName = "Skew-T²";
				INFOPLIST_KEY_LSApplicationCategoryType = "public.app-category.weather";
				INFOPLIST_KEY_NSLocationWhenInUseUsageDescription = "Use location to find the nearest weather";
				INFOPLIST_KEY_UIApplicationSceneManifest_Generation = YES;
				INFOPLIST_KEY_UIApplicationSupportsIndirectInputEvents = YES;
				INFOPLIST_KEY_UILaunchScreen_Generation = YES;
				INFOPLIST_KEY_UISupportedInterfaceOrientations_iPad = "UIInterfaceOrientationPortrait UIInterfaceOrientationPortraitUpsideDown UIInterfaceOrientationLandscapeLeft UIInterfaceOrientationLandscapeRight";
				INFOPLIST_KEY_UISupportedInterfaceOrientations_iPhone = "UIInterfaceOrientationPortrait UIInterfaceOrientationLandscapeLeft UIInterfaceOrientationLandscapeRight";
				IPHONEOS_DEPLOYMENT_TARGET = 16.0;
				LD_RUNPATH_SEARCH_PATHS = (
					"$(inherited)",
					"@executable_path/Frameworks",
				);
				MARKETING_VERSION = 1.0;
				PRODUCT_BUNDLE_IDENTIFIER = com.jasonneel.Skewt;
				PRODUCT_NAME = "$(TARGET_NAME)";
				SWIFT_EMIT_LOC_STRINGS = YES;
				SWIFT_VERSION = 5.0;
				TARGETED_DEVICE_FAMILY = "1,2";
			};
			name = Debug;
		};
		96A8F605299DAC3F0021A170 /* Release */ = {
			isa = XCBuildConfiguration;
			buildSettings = {
				ASSETCATALOG_COMPILER_APPICON_NAME = AppIcon;
				ASSETCATALOG_COMPILER_GLOBAL_ACCENT_COLOR_NAME = AccentColor;
				CODE_SIGN_STYLE = Automatic;
				CURRENT_PROJECT_VERSION = 1;
				DEVELOPMENT_ASSET_PATHS = "\"Skewt/Preview Content\"";
				DEVELOPMENT_TEAM = HNS87AD5L9;
				ENABLE_PREVIEWS = YES;
				GENERATE_INFOPLIST_FILE = YES;
				INFOPLIST_FILE = Skewt/Info.plist;
				INFOPLIST_KEY_CFBundleDisplayName = "Skew-T²";
				INFOPLIST_KEY_LSApplicationCategoryType = "public.app-category.weather";
				INFOPLIST_KEY_NSLocationWhenInUseUsageDescription = "Use location to find the nearest weather";
				INFOPLIST_KEY_UIApplicationSceneManifest_Generation = YES;
				INFOPLIST_KEY_UIApplicationSupportsIndirectInputEvents = YES;
				INFOPLIST_KEY_UILaunchScreen_Generation = YES;
				INFOPLIST_KEY_UISupportedInterfaceOrientations_iPad = "UIInterfaceOrientationPortrait UIInterfaceOrientationPortraitUpsideDown UIInterfaceOrientationLandscapeLeft UIInterfaceOrientationLandscapeRight";
				INFOPLIST_KEY_UISupportedInterfaceOrientations_iPhone = "UIInterfaceOrientationPortrait UIInterfaceOrientationLandscapeLeft UIInterfaceOrientationLandscapeRight";
				IPHONEOS_DEPLOYMENT_TARGET = 16.0;
				LD_RUNPATH_SEARCH_PATHS = (
					"$(inherited)",
					"@executable_path/Frameworks",
				);
				MARKETING_VERSION = 1.0;
				PRODUCT_BUNDLE_IDENTIFIER = com.jasonneel.Skewt;
				PRODUCT_NAME = "$(TARGET_NAME)";
				SWIFT_EMIT_LOC_STRINGS = YES;
				SWIFT_VERSION = 5.0;
				TARGETED_DEVICE_FAMILY = "1,2";
			};
			name = Release;
		};
		96A8F607299DAC3F0021A170 /* Debug */ = {
			isa = XCBuildConfiguration;
			buildSettings = {
				ALWAYS_EMBED_SWIFT_STANDARD_LIBRARIES = YES;
				BUNDLE_LOADER = "$(TEST_HOST)";
				CODE_SIGN_STYLE = Automatic;
				CURRENT_PROJECT_VERSION = 1;
				DEVELOPMENT_TEAM = HNS87AD5L9;
				GENERATE_INFOPLIST_FILE = YES;
				IPHONEOS_DEPLOYMENT_TARGET = 16.0;
				MARKETING_VERSION = 1.0;
				PRODUCT_BUNDLE_IDENTIFIER = com.jasonneel.SkewtTests;
				PRODUCT_NAME = "$(TARGET_NAME)";
				SWIFT_EMIT_LOC_STRINGS = NO;
				SWIFT_VERSION = 5.0;
				TARGETED_DEVICE_FAMILY = "1,2";
				TEST_HOST = "$(BUILT_PRODUCTS_DIR)/Skewt.app/Skewt";
			};
			name = Debug;
		};
		96A8F608299DAC3F0021A170 /* Release */ = {
			isa = XCBuildConfiguration;
			buildSettings = {
				ALWAYS_EMBED_SWIFT_STANDARD_LIBRARIES = YES;
				BUNDLE_LOADER = "$(TEST_HOST)";
				CODE_SIGN_STYLE = Automatic;
				CURRENT_PROJECT_VERSION = 1;
				DEVELOPMENT_TEAM = HNS87AD5L9;
				GENERATE_INFOPLIST_FILE = YES;
				IPHONEOS_DEPLOYMENT_TARGET = 16.0;
				MARKETING_VERSION = 1.0;
				PRODUCT_BUNDLE_IDENTIFIER = com.jasonneel.SkewtTests;
				PRODUCT_NAME = "$(TARGET_NAME)";
				SWIFT_EMIT_LOC_STRINGS = NO;
				SWIFT_VERSION = 5.0;
				TARGETED_DEVICE_FAMILY = "1,2";
				TEST_HOST = "$(BUILT_PRODUCTS_DIR)/Skewt.app/Skewt";
			};
			name = Release;
		};
		96A8F60A299DAC3F0021A170 /* Debug */ = {
			isa = XCBuildConfiguration;
			buildSettings = {
				ALWAYS_EMBED_SWIFT_STANDARD_LIBRARIES = YES;
				CODE_SIGN_STYLE = Automatic;
				CURRENT_PROJECT_VERSION = 1;
				DEVELOPMENT_TEAM = HNS87AD5L9;
				GENERATE_INFOPLIST_FILE = YES;
				IPHONEOS_DEPLOYMENT_TARGET = 16.0;
				MARKETING_VERSION = 1.0;
				PRODUCT_BUNDLE_IDENTIFIER = com.jasonneel.SkewtUITests;
				PRODUCT_NAME = "$(TARGET_NAME)";
				SWIFT_EMIT_LOC_STRINGS = NO;
				SWIFT_VERSION = 5.0;
				TARGETED_DEVICE_FAMILY = "1,2";
				TEST_TARGET_NAME = Skewt;
			};
			name = Debug;
		};
		96A8F60B299DAC3F0021A170 /* Release */ = {
			isa = XCBuildConfiguration;
			buildSettings = {
				ALWAYS_EMBED_SWIFT_STANDARD_LIBRARIES = YES;
				CODE_SIGN_STYLE = Automatic;
				CURRENT_PROJECT_VERSION = 1;
				DEVELOPMENT_TEAM = HNS87AD5L9;
				GENERATE_INFOPLIST_FILE = YES;
				IPHONEOS_DEPLOYMENT_TARGET = 16.0;
				MARKETING_VERSION = 1.0;
				PRODUCT_BUNDLE_IDENTIFIER = com.jasonneel.SkewtUITests;
				PRODUCT_NAME = "$(TARGET_NAME)";
				SWIFT_EMIT_LOC_STRINGS = NO;
				SWIFT_VERSION = 5.0;
				TARGETED_DEVICE_FAMILY = "1,2";
				TEST_TARGET_NAME = Skewt;
			};
			name = Release;
		};
/* End XCBuildConfiguration section */

/* Begin XCConfigurationList section */
		96A8F5DA299DAC3E0021A170 /* Build configuration list for PBXProject "Skewt" */ = {
			isa = XCConfigurationList;
			buildConfigurations = (
				96A8F601299DAC3F0021A170 /* Debug */,
				96A8F602299DAC3F0021A170 /* Release */,
			);
			defaultConfigurationIsVisible = 0;
			defaultConfigurationName = Release;
		};
		96A8F603299DAC3F0021A170 /* Build configuration list for PBXNativeTarget "Skewt" */ = {
			isa = XCConfigurationList;
			buildConfigurations = (
				96A8F604299DAC3F0021A170 /* Debug */,
				96A8F605299DAC3F0021A170 /* Release */,
			);
			defaultConfigurationIsVisible = 0;
			defaultConfigurationName = Release;
		};
		96A8F606299DAC3F0021A170 /* Build configuration list for PBXNativeTarget "SkewtTests" */ = {
			isa = XCConfigurationList;
			buildConfigurations = (
				96A8F607299DAC3F0021A170 /* Debug */,
				96A8F608299DAC3F0021A170 /* Release */,
			);
			defaultConfigurationIsVisible = 0;
			defaultConfigurationName = Release;
		};
		96A8F609299DAC3F0021A170 /* Build configuration list for PBXNativeTarget "SkewtUITests" */ = {
			isa = XCConfigurationList;
			buildConfigurations = (
				96A8F60A299DAC3F0021A170 /* Debug */,
				96A8F60B299DAC3F0021A170 /* Release */,
			);
			defaultConfigurationIsVisible = 0;
			defaultConfigurationName = Release;
		};
/* End XCConfigurationList section */
	};
	rootObject = 96A8F5D7299DAC3E0021A170 /* Project object */;
}
